
Microsoft Visual Studio Solution File, Format Version 12.00
# Visual Studio Version 17
VisualStudioVersion = 17.7.34018.315
MinimumVisualStudioVersion = 10.0.40219.1
Project("{9A19103F-16F7-4668-BE54-9A1E7A4F7556}") = "StudentManagementSystem.WEB", "StudentManagementSystem.WEB\StudentManagementSystem.WEB.csproj", "{F4D379CD-6BC6-4DF1-8CA6-633C51BF4A7B}"
EndProject
Project("{9A19103F-16F7-4668-BE54-9A1E7A4F7556}") = "StudentManagementSystem.Lib", "StudentManagementSystem.Lib\StudentManagementSystem.Lib.csproj", "{EA4601BC-0959-4D2F-B26F-A87DDE6122C4}"
EndProject
Project("{9A19103F-16F7-4668-BE54-9A1E7A4F7556}") = "StudentManagementSystem.Data", "StudentManagementSystem.Data\StudentManagementSystem.Data.csproj", "{1F024592-973C-4BAE-8D3C-324C44212C40}"
EndProject
Project("{9A19103F-16F7-4668-BE54-9A1E7A4F7556}") = "StudentManagementSystem.BLL", "StudentManagementSystem.BLL\StudentManagementSystem.BLL.csproj", "{64846125-C10F-4C17-B130-89368BABF0F1}"
EndProject
Project("{FAE04EC0-301F-11D3-BF4B-00C04F79EFBC}") = "StudentManagementSystem.API", "StudentManagementSystem.API\StudentManagementSystem.API.csproj", "{5516360F-BCAC-4DB8-80B6-C5B5DA041FCE}"
EndProject
Global
	GlobalSection(SolutionConfigurationPlatforms) = preSolution
		Debug|Any CPU = Debug|Any CPU
		Release|Any CPU = Release|Any CPU
	EndGlobalSection
	GlobalSection(ProjectConfigurationPlatforms) = postSolution
		{F4D379CD-6BC6-4DF1-8CA6-633C51BF4A7B}.Debug|Any CPU.ActiveCfg = Debug|Any CPU
		{F4D379CD-6BC6-4DF1-8CA6-633C51BF4A7B}.Debug|Any CPU.Build.0 = Debug|Any CPU
		{F4D379CD-6BC6-4DF1-8CA6-633C51BF4A7B}.Release|Any CPU.ActiveCfg = Release|Any CPU
		{F4D379CD-6BC6-4DF1-8CA6-633C51BF4A7B}.Release|Any CPU.Build.0 = Release|Any CPU
		{EA4601BC-0959-4D2F-B26F-A87DDE6122C4}.Debug|Any CPU.ActiveCfg = Debug|Any CPU
		{EA4601BC-0959-4D2F-B26F-A87DDE6122C4}.Debug|Any CPU.Build.0 = Debug|Any CPU
		{EA4601BC-0959-4D2F-B26F-A87DDE6122C4}.Release|Any CPU.ActiveCfg = Release|Any CPU
		{EA4601BC-0959-4D2F-B26F-A87DDE6122C4}.Release|Any CPU.Build.0 = Release|Any CPU
		{1F024592-973C-4BAE-8D3C-324C44212C40}.Debug|Any CPU.ActiveCfg = Debug|Any CPU
		{1F024592-973C-4BAE-8D3C-324C44212C40}.Debug|Any CPU.Build.0 = Debug|Any CPU
		{1F024592-973C-4BAE-8D3C-324C44212C40}.Release|Any CPU.ActiveCfg = Release|Any CPU
		{1F024592-973C-4BAE-8D3C-324C44212C40}.Release|Any CPU.Build.0 = Release|Any CPU
		{64846125-C10F-4C17-B130-89368BABF0F1}.Debug|Any CPU.ActiveCfg = Debug|Any CPU
		{64846125-C10F-4C17-B130-89368BABF0F1}.Debug|Any CPU.Build.0 = Debug|Any CPU
		{64846125-C10F-4C17-B130-89368BABF0F1}.Release|Any CPU.ActiveCfg = Release|Any CPU
		{64846125-C10F-4C17-B130-89368BABF0F1}.Release|Any CPU.Build.0 = Release|Any CPU
		{5516360F-BCAC-4DB8-80B6-C5B5DA041FCE}.Debug|Any CPU.ActiveCfg = Debug|Any CPU
		{5516360F-BCAC-4DB8-80B6-C5B5DA041FCE}.Debug|Any CPU.Build.0 = Debug|Any CPU
		{5516360F-BCAC-4DB8-80B6-C5B5DA041FCE}.Release|Any CPU.ActiveCfg = Release|Any CPU
		{5516360F-BCAC-4DB8-80B6-C5B5DA041FCE}.Release|Any CPU.Build.0 = Release|Any CPU
	EndGlobalSection
	GlobalSection(SolutionProperties) = preSolution
		HideSolutionNode = FALSE
	EndGlobalSection
	GlobalSection(ExtensibilityGlobals) = postSolution
		SolutionGuid = {7AA8F2E5-B5B1-45C1-88D8-50609278DF27}
	EndGlobalSection
EndGlobal
